
Microsoft Visual Studio Solution File, Format Version 12.00
# Visual Studio Version 16
VisualStudioVersion = 16.0.31729.503
MinimumVisualStudioVersion = 10.0.40219.1
Project("{FAE04EC0-301F-11D3-BF4B-00C04F79EFBC}") = "Flood", "Flood\Flood.csproj", "{C64E8311-6819-47C7-BDE4-822CDB37FC04}"
EndProject
Project("{FAE04EC0-301F-11D3-BF4B-00C04F79EFBC}") = "FloodDataAccess", "FloodDataAccess\FloodDataAccess.csproj", "{FA1F796F-4364-4CD0-93E0-D46C2AE7117A}"
EndProject
Global
	GlobalSection(SolutionConfigurationPlatforms) = preSolution
		Debug|Any CPU = Debug|Any CPU
		Release|Any CPU = Release|Any CPU
	EndGlobalSection
	GlobalSection(ProjectConfigurationPlatforms) = postSolution
		{C64E8311-6819-47C7-BDE4-822CDB37FC04}.Debug|Any CPU.ActiveCfg = Debug|Any CPU
		{C64E8311-6819-47C7-BDE4-822CDB37FC04}.Debug|Any CPU.Build.0 = Debug|Any CPU
		{C64E8311-6819-47C7-BDE4-822CDB37FC04}.Release|Any CPU.ActiveCfg = Release|Any CPU
		{C64E8311-6819-47C7-BDE4-822CDB37FC04}.Release|Any CPU.Build.0 = Release|Any CPU
		{FA1F796F-4364-4CD0-93E0-D46C2AE7117A}.Debug|Any CPU.ActiveCfg = Debug|Any CPU
		{FA1F796F-4364-4CD0-93E0-D46C2AE7117A}.Debug|Any CPU.Build.0 = Debug|Any CPU
		{FA1F796F-4364-4CD0-93E0-D46C2AE7117A}.Release|Any CPU.ActiveCfg = Release|Any CPU
		{FA1F796F-4364-4CD0-93E0-D46C2AE7117A}.Release|Any CPU.Build.0 = Release|Any CPU
	EndGlobalSection
	GlobalSection(SolutionProperties) = preSolution
		HideSolutionNode = FALSE
	EndGlobalSection
	GlobalSection(ExtensibilityGlobals) = postSolution
		SolutionGuid = {AEE8DD86-8801-4088-AF15-A59F192B49BA}
	EndGlobalSection
EndGlobal
